# This file is automatically @generated by Cargo.
# It is not intended for manual editing.
version = 3

[[package]]
name = "bg"
version = "1.3.0"
dependencies = [
 "rand",
 "windows",
]

[[package]]
name = "cfg-if"
version = "1.0.0"
source = "registry+https://github.com/rust-lang/crates.io-index"
checksum = "baf1de4339761588bc0619e3cbc0120ee582ebb74b53b4efbf79117bd2da40fd"

[[package]]
name = "getrandom"
version = "0.2.8"
source = "registry+https://github.com/rust-lang/crates.io-index"
checksum = "c05aeb6a22b8f62540c194aac980f2115af067bfe15a0734d7277a768d396b31"
dependencies = [
 "cfg-if",
 "libc",
 "wasi",
]

[[package]]
name = "libc"
version = "0.2.137"
source = "registry+https://github.com/rust-lang/crates.io-index"
checksum = "fc7fcc620a3bff7cdd7a365be3376c97191aeaccc2a603e600951e452615bf89"

[[package]]
name = "ppv-lite86"
version = "0.2.17"
source = "registry+https://github.com/rust-lang/crates.io-index"
checksum = "5b40af805b3121feab8a3c29f04d8ad262fa8e0561883e7653e024ae4479e6de"

[[package]]
name = "rand"
version = "0.8.5"
source = "registry+https://github.com/rust-lang/crates.io-index"
checksum = "34af8d1a0e25924bc5b7c43c079c942339d8f0a8b57c39049bef581b46327404"
dependencies = [
 "libc",
 "rand_chacha",
 "rand_core",
]

[[package]]
name = "rand_chacha"
version = "0.3.1"
source = "registry+https://github.com/rust-lang/crates.io-index"
checksum = "e6c10a63a0fa32252be49d21e7709d4d4baf8d231c2dbce1eaa8141b9b127d88"
dependencies = [
 "ppv-lite86",
 "rand_core",
]

[[package]]
name = "rand_core"
version = "0.6.4"
source = "registry+https://github.com/rust-lang/crates.io-index"
checksum = "ec0be4795e2f6a28069bec0b5ff3e2ac9bafc99e6a9a7dc3547996c5c816922c"
dependencies = [
 "getrandom",
]

[[package]]
name = "wasi"
version = "0.11.0+wasi-snapshot-preview1"
source = "registry+https://github.com/rust-lang/crates.io-index"
checksum = "9c8d87e72b64a3b4db28d11ce29237c246188f4f51057d65a7eab63b7987e423"

[[package]]
name = "windows"
version = "0.37.0"
source = "registry+https://github.com/rust-lang/crates.io-index"
checksum = "57b543186b344cc61c85b5aab0d2e3adf4e0f99bc076eff9aa5927bcc0b8a647"
dependencies = [
 "windows_aarch64_msvc",
 "windows_i686_gnu",
 "windows_i686_msvc",
 "windows_x86_64_gnu",
 "windows_x86_64_msvc",
]

[[package]]
name = "windows_aarch64_msvc"
version = "0.37.0"
source = "registry+https://github.com/rust-lang/crates.io-index"
checksum = "2623277cb2d1c216ba3b578c0f3cf9cdebeddb6e66b1b218bb33596ea7769c3a"

[[package]]
name = "windows_i686_gnu"
version = "0.37.0"
source = "registry+https://github.com/rust-lang/crates.io-index"
checksum = "d3925fd0b0b804730d44d4b6278c50f9699703ec49bcd628020f46f4ba07d9e1"

[[package]]
name = "windows_i686_msvc"
version = "0.37.0"
source = "registry+https://github.com/rust-lang/crates.io-index"
checksum = "ce907ac74fe331b524c1298683efbf598bb031bc84d5e274db2083696d07c57c"

[[package]]
name = "windows_x86_64_gnu"
version = "0.37.0"
source = "registry+https://github.com/rust-lang/crates.io-index"
checksum = "2babfba0828f2e6b32457d5341427dcbb577ceef556273229959ac23a10af33d"

[[package]]
name = "windows_x86_64_msvc"
version = "0.37.0"
source = "registry+https://github.com/rust-lang/crates.io-index"
checksum = "f4dd6dc7df2d84cf7b33822ed5b86318fb1781948e9663bacd047fc9dd52259d"
